
Microsoft Visual Studio Solution File, Format Version 12.00
# Visual Studio 2012
Project("{FAE04EC0-301F-11D3-BF4B-00C04F79EFBC}") = "Forest.UI", "codebase\forest-ui\Forest.UI.csproj", "{C8F6B80C-0E82-4E1D-B646-8FC84C6033E2}"
EndProject
Project("{FAE04EC0-301F-11D3-BF4B-00C04F79EFBC}") = "forest", "codebase\forest\Forest.csproj", "{3A49DEC2-142A-483E-99BF-42BF26909CFC}"
EndProject
Project("{FAE04EC0-301F-11D3-BF4B-00C04F79EFBC}") = "Forest.Templates", "codebase\forest-templates\Forest.Templates.csproj", "{92da4bf7-0101-4f37-a934-c449c2a2b570}"
EndProject
Global
	GlobalSection(SolutionConfigurationPlatforms) = preSolution
		Debug|Any CPU = Debug|Any CPU
		Release|Any CPU = Release|Any CPU
	EndGlobalSection
	GlobalSection(ProjectConfigurationPlatforms) = postSolution
		{92da4bf7-0101-4f37-a934-c449c2a2b570}.Debug|Any CPU.ActiveCfg = Debug|Any CPU
		{92da4bf7-0101-4f37-a934-c449c2a2b570}.Debug|Any CPU.Build.0 = Debug|Any CPU
		{92da4bf7-0101-4f37-a934-c449c2a2b570}.Release|Any CPU.ActiveCfg = Release|Any CPU
		{92da4bf7-0101-4f37-a934-c449c2a2b570}.Release|Any CPU.Build.0 = Release|Any CPU
		{3A49DEC2-142A-483E-99BF-42BF26909CFC}.Debug|Any CPU.ActiveCfg = Debug|Any CPU
		{3A49DEC2-142A-483E-99BF-42BF26909CFC}.Debug|Any CPU.Build.0 = Debug|Any CPU
		{3A49DEC2-142A-483E-99BF-42BF26909CFC}.Release|Any CPU.ActiveCfg = Release|Any CPU
		{3A49DEC2-142A-483E-99BF-42BF26909CFC}.Release|Any CPU.Build.0 = Release|Any CPU
		{C8F6B80C-0E82-4E1D-B646-8FC84C6033E2}.Debug|Any CPU.ActiveCfg = Debug|Any CPU
		{C8F6B80C-0E82-4E1D-B646-8FC84C6033E2}.Debug|Any CPU.Build.0 = Debug|Any CPU
		{C8F6B80C-0E82-4E1D-B646-8FC84C6033E2}.Release|Any CPU.ActiveCfg = Release|Any CPU
		{C8F6B80C-0E82-4E1D-B646-8FC84C6033E2}.Release|Any CPU.Build.0 = Release|Any CPU
	EndGlobalSection
	GlobalSection(MonoDevelopProperties) = preSolution
		StartupItem = codebase\Forest.UI\Forest.UI.csproj
	EndGlobalSection
	GlobalSection(SolutionProperties) = preSolution
		HideSolutionNode = FALSE
	EndGlobalSection
EndGlobal
